// !$*UTF8*$!
{
	archiveVersion = 1;
	classes = {
	};
	objectVersion = 46;
	objects = {

/* Begin PBXBuildFile section */
		04B5067D1BEF4AB500AE74E7 /* AppDelegate.swift in Sources */ = {isa = PBXBuildFile; fileRef = 04B5067C1BEF4AB500AE74E7 /* AppDelegate.swift */; };
		04B5067F1BEF4AB500AE74E7 /* ViewController.swift in Sources */ = {isa = PBXBuildFile; fileRef = 04B5067E1BEF4AB500AE74E7 /* ViewController.swift */; };
		04B506821BEF4AB500AE74E7 /* Main.storyboard in Resources */ = {isa = PBXBuildFile; fileRef = 04B506801BEF4AB500AE74E7 /* Main.storyboard */; };
		04B506841BEF4AB600AE74E7 /* Assets.xcassets in Resources */ = {isa = PBXBuildFile; fileRef = 04B506831BEF4AB600AE74E7 /* Assets.xcassets */; };
		04B506871BEF4AB600AE74E7 /* LaunchScreen.storyboard in Resources */ = {isa = PBXBuildFile; fileRef = 04B506851BEF4AB600AE74E7 /* LaunchScreen.storyboard */; };
		04B506921BEF4AB600AE74E7 /* HZblog0812Tests.swift in Sources */ = {isa = PBXBuildFile; fileRef = 04B506911BEF4AB600AE74E7 /* HZblog0812Tests.swift */; };
		04B5069D1BEF4AB600AE74E7 /* HZblog0812UITests.swift in Sources */ = {isa = PBXBuildFile; fileRef = 04B5069C1BEF4AB600AE74E7 /* HZblog0812UITests.swift */; };
/* End PBXBuildFile section */

/* Begin PBXContainerItemProxy section */
		04B5068E1BEF4AB600AE74E7 /* PBXContainerItemProxy */ = {
			isa = PBXContainerItemProxy;
			containerPortal = 04B506711BEF4AB500AE74E7 /* Project object */;
			proxyType = 1;
			remoteGlobalIDString = 04B506781BEF4AB500AE74E7;
			remoteInfo = HZblog0812;
		};
		04B506991BEF4AB600AE74E7 /* PBXContainerItemProxy */ = {
			isa = PBXContainerItemProxy;
			containerPortal = 04B506711BEF4AB500AE74E7 /* Project object */;
			proxyType = 1;
			remoteGlobalIDString = 04B506781BEF4AB500AE74E7;
			remoteInfo = HZblog0812;
		};
/* End PBXContainerItemProxy section */

/* Begin PBXFileReference section */
		04B506791BEF4AB500AE74E7 /* HZblog0812.app */ = {isa = PBXFileReference; explicitFileType = wrapper.application; includeInIndex = 0; path = HZblog0812.app; sourceTree = BUILT_PRODUCTS_DIR; };
		04B5067C1BEF4AB500AE74E7 /* AppDelegate.swift */ = {isa = PBXFileReference; lastKnownFileType = sourcecode.swift; path = AppDelegate.swift; sourceTree = "<group>"; };
		04B5067E1BEF4AB500AE74E7 /* ViewController.swift */ = {isa = PBXFileReference; lastKnownFileType = sourcecode.swift; path = ViewController.swift; sourceTree = "<group>"; };
		04B506811BEF4AB500AE74E7 /* Base */ = {isa = PBXFileReference; lastKnownFileType = file.storyboard; name = Base; path = Base.lproj/Main.storyboard; sourceTree = "<group>"; };
		04B506831BEF4AB600AE74E7 /* Assets.xcassets */ = {isa = PBXFileReference; lastKnownFileType = folder.assetcatalog; path = Assets.xcassets; sourceTree = "<group>"; };
		04B506861BEF4AB600AE74E7 /* Base */ = {isa = PBXFileReference; lastKnownFileType = file.storyboard; name = Base; path = Base.lproj/LaunchScreen.storyboard; sourceTree = "<group>"; };
		04B506881BEF4AB600AE74E7 /* Info.plist */ = {isa = PBXFileReference; lastKnownFileType = text.plist.xml; path = Info.plist; sourceTree = "<group>"; };
		04B5068D1BEF4AB600AE74E7 /* HZblog0812Tests.xctest */ = {isa = PBXFileReference; explicitFileType = wrapper.cfbundle; includeInIndex = 0; path = HZblog0812Tests.xctest; sourceTree = BUILT_PRODUCTS_DIR; };
		04B506911BEF4AB600AE74E7 /* HZblog0812Tests.swift */ = {isa = PBXFileReference; lastKnownFileType = sourcecode.swift; path = HZblog0812Tests.swift; sourceTree = "<group>"; };
		04B506931BEF4AB600AE74E7 /* Info.plist */ = {isa = PBXFileReference; lastKnownFileType = text.plist.xml; path = Info.plist; sourceTree = "<group>"; };
		04B506981BEF4AB600AE74E7 /* HZblog0812UITests.xctest */ = {isa = PBXFileReference; explicitFileType = wrapper.cfbundle; includeInIndex = 0; path = HZblog0812UITests.xctest; sourceTree = BUILT_PRODUCTS_DIR; };
		04B5069C1BEF4AB600AE74E7 /* HZblog0812UITests.swift */ = {isa = PBXFileReference; lastKnownFileType = sourcecode.swift; path = HZblog0812UITests.swift; sourceTree = "<group>"; };
		04B5069E1BEF4AB600AE74E7 /* Info.plist */ = {isa = PBXFileReference; lastKnownFileType = text.plist.xml; path = Info.plist; sourceTree = "<group>"; };
/* End PBXFileReference section */

/* Begin PBXFrameworksBuildPhase section */
		04B506761BEF4AB500AE74E7 /* Frameworks */ = {
			isa = PBXFrameworksBuildPhase;
			buildActionMask = 2147483647;
			files = (
			);
			runOnlyForDeploymentPostprocessing = 0;
		};
		04B5068A1BEF4AB600AE74E7 /* Frameworks */ = {
			isa = PBXFrameworksBuildPhase;
			buildActionMask = 2147483647;
			files = (
			);
			runOnlyForDeploymentPostprocessing = 0;
		};
		04B506951BEF4AB600AE74E7 /* Frameworks */ = {
			isa = PBXFrameworksBuildPhase;
			buildActionMask = 2147483647;
			files = (
			);
			runOnlyForDeploymentPostprocessing = 0;
		};
/* End PBXFrameworksBuildPhase section */

/* Begin PBXGroup section */
		04B506701BEF4AB500AE74E7 = {
			isa = PBXGroup;
			children = (
				04B5067B1BEF4AB500AE74E7 /* HZblog0812 */,
				04B506901BEF4AB600AE74E7 /* HZblog0812Tests */,
				04B5069B1BEF4AB600AE74E7 /* HZblog0812UITests */,
				04B5067A1BEF4AB500AE74E7 /* Products */,
			);
			sourceTree = "<group>";
		};
		04B5067A1BEF4AB500AE74E7 /* Products */ = {
			isa = PBXGroup;
			children = (
				04B506791BEF4AB500AE74E7 /* HZblog0812.app */,
				04B5068D1BEF4AB600AE74E7 /* HZblog0812Tests.xctest */,
				04B506981BEF4AB600AE74E7 /* HZblog0812UITests.xctest */,
			);
			name = Products;
			sourceTree = "<group>";
		};
		04B5067B1BEF4AB500AE74E7 /* HZblog0812 */ = {
			isa = PBXGroup;
			children = (
				04B5067C1BEF4AB500AE74E7 /* AppDelegate.swift */,
				04B5067E1BEF4AB500AE74E7 /* ViewController.swift */,
				04B506801BEF4AB500AE74E7 /* Main.storyboard */,
				04B506831BEF4AB600AE74E7 /* Assets.xcassets */,
				04B506851BEF4AB600AE74E7 /* LaunchScreen.storyboard */,
				04B506881BEF4AB600AE74E7 /* Info.plist */,
			);
			path = HZblog0812;
			sourceTree = "<group>";
		};
		04B506901BEF4AB600AE74E7 /* HZblog0812Tests */ = {
			isa = PBXGroup;
			children = (
				04B506911BEF4AB600AE74E7 /* HZblog0812Tests.swift */,
				04B506931BEF4AB600AE74E7 /* Info.plist */,
			);
			path = HZblog0812Tests;
			sourceTree = "<group>";
		};
		04B5069B1BEF4AB600AE74E7 /* HZblog0812UITests */ = {
			isa = PBXGroup;
			children = (
				04B5069C1BEF4AB600AE74E7 /* HZblog0812UITests.swift */,
				04B5069E1BEF4AB600AE74E7 /* Info.plist */,
			);
			path = HZblog0812UITests;
			sourceTree = "<group>";
		};
/* End PBXGroup section */

/* Begin PBXNativeTarget section */
		04B506781BEF4AB500AE74E7 /* HZblog0812 */ = {
			isa = PBXNativeTarget;
			buildConfigurationList = 04B506A11BEF4AB600AE74E7 /* Build configuration list for PBXNativeTarget "HZblog0812" */;
			buildPhases = (
				04B506751BEF4AB500AE74E7 /* Sources */,
				04B506761BEF4AB500AE74E7 /* Frameworks */,
				04B506771BEF4AB500AE74E7 /* Resources */,
			);
			buildRules = (
			);
			dependencies = (
			);
			name = HZblog0812;
			productName = HZblog0812;
			productReference = 04B506791BEF4AB500AE74E7 /* HZblog0812.app */;
			productType = "com.apple.product-type.application";
		};
		04B5068C1BEF4AB600AE74E7 /* HZblog0812Tests */ = {
			isa = PBXNativeTarget;
			buildConfigurationList = 04B506A41BEF4AB600AE74E7 /* Build configuration list for PBXNativeTarget "HZblog0812Tests" */;
			buildPhases = (
				04B506891BEF4AB600AE74E7 /* Sources */,
				04B5068A1BEF4AB600AE74E7 /* Frameworks */,
				04B5068B1BEF4AB600AE74E7 /* Resources */,
			);
			buildRules = (
			);
			dependencies = (
				04B5068F1BEF4AB600AE74E7 /* PBXTargetDependency */,
			);
			name = HZblog0812Tests;
			productName = HZblog0812Tests;
			productReference = 04B5068D1BEF4AB600AE74E7 /* HZblog0812Tests.xctest */;
			productType = "com.apple.product-type.bundle.unit-test";
		};
		04B506971BEF4AB600AE74E7 /* HZblog0812UITests */ = {
			isa = PBXNativeTarget;
			buildConfigurationList = 04B506A71BEF4AB600AE74E7 /* Build configuration list for PBXNativeTarget "HZblog0812UITests" */;
			buildPhases = (
				04B506941BEF4AB600AE74E7 /* Sources */,
				04B506951BEF4AB600AE74E7 /* Frameworks */,
				04B506961BEF4AB600AE74E7 /* Resources */,
			);
			buildRules = (
			);
			dependencies = (
				04B5069A1BEF4AB600AE74E7 /* PBXTargetDependency */,
			);
			name = HZblog0812UITests;
			productName = HZblog0812UITests;
			productReference = 04B506981BEF4AB600AE74E7 /* HZblog0812UITests.xctest */;
			productType = "com.apple.product-type.bundle.ui-testing";
		};
/* End PBXNativeTarget section */

/* Begin PBXProject section */
		04B506711BEF4AB500AE74E7 /* Project object */ = {
			isa = PBXProject;
			attributes = {
				LastSwiftUpdateCheck = 0710;
				LastUpgradeCheck = 0710;
				ORGANIZATIONNAME = mac;
				TargetAttributes = {
					04B506781BEF4AB500AE74E7 = {
						CreatedOnToolsVersion = 7.1;
					};
					04B5068C1BEF4AB600AE74E7 = {
						CreatedOnToolsVersion = 7.1;
						TestTargetID = 04B506781BEF4AB500AE74E7;
					};
					04B506971BEF4AB600AE74E7 = {
						CreatedOnToolsVersion = 7.1;
						TestTargetID = 04B506781BEF4AB500AE74E7;
					};
				};
			};
			buildConfigurationList = 04B506741BEF4AB500AE74E7 /* Build configuration list for PBXProject "HZblog0812" */;
			compatibilityVersion = "Xcode 3.2";
			developmentRegion = English;
			hasScannedForEncodings = 0;
			knownRegions = (
				en,
				Base,
			);
			mainGroup = 04B506701BEF4AB500AE74E7;
			productRefGroup = 04B5067A1BEF4AB500AE74E7 /* Products */;
			projectDirPath = "";
			projectRoot = "";
			targets = (
				04B506781BEF4AB500AE74E7 /* HZblog0812 */,
				04B5068C1BEF4AB600AE74E7 /* HZblog0812Tests */,
				04B506971BEF4AB600AE74E7 /* HZblog0812UITests */,
			);
		};
/* End PBXProject section */

/* Begin PBXResourcesBuildPhase section */
		04B506771BEF4AB500AE74E7 /* Resources */ = {
			isa = PBXResourcesBuildPhase;
			buildActionMask = 2147483647;
			files = (
				04B506871BEF4AB600AE74E7 /* LaunchScreen.storyboard in Resources */,
				04B506841BEF4AB600AE74E7 /* Assets.xcassets in Resources */,
				04B506821BEF4AB500AE74E7 /* Main.storyboard in Resources */,
			);
			runOnlyForDeploymentPostprocessing = 0;
		};
		04B5068B1BEF4AB600AE74E7 /* Resources */ = {
			isa = PBXResourcesBuildPhase;
			buildActionMask = 2147483647;
			files = (
			);
			runOnlyForDeploymentPostprocessing = 0;
		};
		04B506961BEF4AB600AE74E7 /* Resources */ = {
			isa = PBXResourcesBuildPhase;
			buildActionMask = 2147483647;
			files = (
			);
			runOnlyForDeploymentPostprocessing = 0;
		};
/* End PBXResourcesBuildPhase section */

/* Begin PBXSourcesBuildPhase section */
		04B506751BEF4AB500AE74E7 /* Sources */ = {
			isa = PBXSourcesBuildPhase;
			buildActionMask = 2147483647;
			files = (
				04B5067F1BEF4AB500AE74E7 /* ViewController.swift in Sources */,
				04B5067D1BEF4AB500AE74E7 /* AppDelegate.swift in Sources */,
			);
			runOnlyForDeploymentPostprocessing = 0;
		};
		04B506891BEF4AB600AE74E7 /* Sources */ = {
			isa = PBXSourcesBuildPhase;
			buildActionMask = 2147483647;
			files = (
				04B506921BEF4AB600AE74E7 /* HZblog0812Tests.swift in Sources */,
			);
			runOnlyForDeploymentPostprocessing = 0;
		};
		04B506941BEF4AB600AE74E7 /* Sources */ = {
			isa = PBXSourcesBuildPhase;
			buildActionMask = 2147483647;
			files = (
				04B5069D1BEF4AB600AE74E7 /* HZblog0812UITests.swift in Sources */,
			);
			runOnlyForDeploymentPostprocessing = 0;
		};
/* End PBXSourcesBuildPhase section */

/* Begin PBXTargetDependency section */
		04B5068F1BEF4AB600AE74E7 /* PBXTargetDependency */ = {
			isa = PBXTargetDependency;
			target = 04B506781BEF4AB500AE74E7 /* HZblog0812 */;
			targetProxy = 04B5068E1BEF4AB600AE74E7 /* PBXContainerItemProxy */;
		};
		04B5069A1BEF4AB600AE74E7 /* PBXTargetDependency */ = {
			isa = PBXTargetDependency;
			target = 04B506781BEF4AB500AE74E7 /* HZblog0812 */;
			targetProxy = 04B506991BEF4AB600AE74E7 /* PBXContainerItemProxy */;
		};
/* End PBXTargetDependency section */

/* Begin PBXVariantGroup section */
		04B506801BEF4AB500AE74E7 /* Main.storyboard */ = {
			isa = PBXVariantGroup;
			children = (
				04B506811BEF4AB500AE74E7 /* Base */,
			);
			name = Main.storyboard;
			sourceTree = "<group>";
		};
		04B506851BEF4AB600AE74E7 /* LaunchScreen.storyboard */ = {
			isa = PBXVariantGroup;
			children = (
				04B506861BEF4AB600AE74E7 /* Base */,
			);
			name = LaunchScreen.storyboard;
			sourceTree = "<group>";
		};
/* End PBXVariantGroup section */

/* Begin XCBuildConfiguration section */
		04B5069F1BEF4AB600AE74E7 /* Debug */ = {
			isa = XCBuildConfiguration;
			buildSettings = {
				ALWAYS_SEARCH_USER_PATHS = NO;
				CLANG_CXX_LANGUAGE_STANDARD = "gnu++0x";
				CLANG_CXX_LIBRARY = "libc++";
				CLANG_ENABLE_MODULES = YES;
				CLANG_ENABLE_OBJC_ARC = YES;
				CLANG_WARN_BOOL_CONVERSION = YES;
				CLANG_WARN_CONSTANT_CONVERSION = YES;
				CLANG_WARN_DIRECT_OBJC_ISA_USAGE = YES_ERROR;
				CLANG_WARN_EMPTY_BODY = YES;
				CLANG_WARN_ENUM_CONVERSION = YES;
				CLANG_WARN_INT_CONVERSION = YES;
				CLANG_WARN_OBJC_ROOT_CLASS = YES_ERROR;
				CLANG_WARN_UNREACHABLE_CODE = YES;
				CLANG_WARN__DUPLICATE_METHOD_MATCH = YES;
				"CODE_SIGN_IDENTITY[sdk=iphoneos*]" = "iPhone Developer";
				COPY_PHASE_STRIP = NO;
				DEBUG_INFORMATION_FORMAT = dwarf;
				ENABLE_STRICT_OBJC_MSGSEND = YES;
				ENABLE_TESTABILITY = YES;
				GCC_C_LANGUAGE_STANDARD = gnu99;
				GCC_DYNAMIC_NO_PIC = NO;
				GCC_NO_COMMON_BLOCKS = YES;
				GCC_OPTIMIZATION_LEVEL = 0;
				GCC_PREPROCESSOR_DEFINITIONS = (
					"DEBUG=1",
					"$(inherited)",
				);
				GCC_WARN_64_TO_32_BIT_CONVERSION = YES;
				GCC_WARN_ABOUT_RETURN_TYPE = YES_ERROR;
				GCC_WARN_UNDECLARED_SELECTOR = YES;
				GCC_WARN_UNINITIALIZED_AUTOS = YES_AGGRESSIVE;
				GCC_WARN_UNUSED_FUNCTION = YES;
				GCC_WARN_UNUSED_VARIABLE = YES;
				IPHONEOS_DEPLOYMENT_TARGET = 9.1;
				MTL_ENABLE_DEBUG_INFO = YES;
				ONLY_ACTIVE_ARCH = YES;
				SDKROOT = iphoneos;
				SWIFT_OPTIMIZATION_LEVEL = "-Onone";
				TARGETED_DEVICE_FAMILY = "1,2";
			};
			name = Debug;
		};
		04B506A01BEF4AB600AE74E7 /* Release */ = {
			isa = XCBuildConfiguration;
			buildSettings = {
				ALWAYS_SEARCH_USER_PATHS = NO;
				CLANG_CXX_LANGUAGE_STANDARD = "gnu++0x";
				CLANG_CXX_LIBRARY = "libc++";
				CLANG_ENABLE_MODULES = YES;
				CLANG_ENABLE_OBJC_ARC = YES;
				CLANG_WARN_BOOL_CONVERSION = YES;
				CLANG_WARN_CONSTANT_CONVERSION = YES;
				CLANG_WARN_DIRECT_OBJC_ISA_USAGE = YES_ERROR;
				CLANG_WARN_EMPTY_BODY = YES;
				CLANG_WARN_ENUM_CONVERSION = YES;
				CLANG_WARN_INT_CONVERSION = YES;
				CLANG_WARN_OBJC_ROOT_CLASS = YES_ERROR;
				CLANG_WARN_UNREACHABLE_CODE = YES;
				CLANG_WARN__DUPLICATE_METHOD_MATCH = YES;
				"CODE_SIGN_IDENTITY[sdk=iphoneos*]" = "iPhone Developer";
				COPY_PHASE_STRIP = NO;
				DEBUG_INFORMATION_FORMAT = "dwarf-with-dsym";
				ENABLE_NS_ASSERTIONS = NO;
				ENABLE_STRICT_OBJC_MSGSEND = YES;
				GCC_C_LANGUAGE_STANDARD = gnu99;
				GCC_NO_COMMON_BLOCKS = YES;
				GCC_WARN_64_TO_32_BIT_CONVERSION = YES;
				GCC_WARN_ABOUT_RETURN_TYPE = YES_ERROR;
				GCC_WARN_UNDECLARED_SELECTOR = YES;
				GCC_WARN_UNINITIALIZED_AUTOS = YES_AGGRESSIVE;
				GCC_WARN_UNUSED_FUNCTION = YES;
				GCC_WARN_UNUSED_VARIABLE = YES;
				IPHONEOS_DEPLOYMENT_TARGET = 9.1;
				MTL_ENABLE_DEBUG_INFO = NO;
				SDKROOT = iphoneos;
				TARGETED_DEVICE_FAMILY = "1,2";
				VALIDATE_PRODUCT = YES;
			};
			name = Release;
		};
		04B506A21BEF4AB600AE74E7 /* Debug */ = {
			isa = XCBuildConfiguration;
			buildSettings = {
				ASSETCATALOG_COMPILER_APPICON_NAME = AppIcon;
				INFOPLIST_FILE = HZblog0812/Info.plist;
				LD_RUNPATH_SEARCH_PATHS = "$(inherited) @executable_path/Frameworks";
				PRODUCT_BUNDLE_IDENTIFIER = cn.itcast.HZblog0812;
				PRODUCT_NAME = "$(TARGET_NAME)";
			};
			name = Debug;
		};
		04B506A31BEF4AB600AE74E7 /* Release */ = {
			isa = XCBuildConfiguration;
			buildSettings = {
				ASSETCATALOG_COMPILER_APPICON_NAME = AppIcon;
				INFOPLIST_FILE = HZblog0812/Info.plist;
				LD_RUNPATH_SEARCH_PATHS = "$(inherited) @executable_path/Frameworks";
				PRODUCT_BUNDLE_IDENTIFIER = cn.itcast.HZblog0812;
				PRODUCT_NAME = "$(TARGET_NAME)";
			};
			name = Release;
		};
		04B506A51BEF4AB600AE74E7 /* Debug */ = {
			isa = XCBuildConfiguration;
			buildSettings = {
				BUNDLE_LOADER = "$(TEST_HOST)";
				INFOPLIST_FILE = HZblog0812Tests/Info.plist;
				LD_RUNPATH_SEARCH_PATHS = "$(inherited) @executable_path/Frameworks @loader_path/Frameworks";
				PRODUCT_BUNDLE_IDENTIFIER = cn.itcast.HZblog0812Tests;
				PRODUCT_NAME = "$(TARGET_NAME)";
				TEST_HOST = "$(BUILT_PRODUCTS_DIR)/HZblog0812.app/HZblog0812";
			};
			name = Debug;
		};
		04B506A61BEF4AB600AE74E7 /* Release */ = {
			isa = XCBuildConfiguration;
			buildSettings = {
				BUNDLE_LOADER = "$(TEST_HOST)";
				INFOPLIST_FILE = HZblog0812Tests/Info.plist;
				LD_RUNPATH_SEARCH_PATHS = "$(inherited) @executable_path/Frameworks @loader_path/Frameworks";
				PRODUCT_BUNDLE_IDENTIFIER = cn.itcast.HZblog0812Tests;
				PRODUCT_NAME = "$(TARGET_NAME)";
				TEST_HOST = "$(BUILT_PRODUCTS_DIR)/HZblog0812.app/HZblog0812";
			};
			name = Release;
		};
		04B506A81BEF4AB600AE74E7 /* Debug */ = {
			isa = XCBuildConfiguration;
			buildSettings = {
				INFOPLIST_FILE = HZblog0812UITests/Info.plist;
				LD_RUNPATH_SEARCH_PATHS = "$(inherited) @executable_path/Frameworks @loader_path/Frameworks";
				PRODUCT_BUNDLE_IDENTIFIER = cn.itcast.HZblog0812UITests;
				PRODUCT_NAME = "$(TARGET_NAME)";
				TEST_TARGET_NAME = HZblog0812;
				USES_XCTRUNNER = YES;
			};
			name = Debug;
		};
		04B506A91BEF4AB600AE74E7 /* Release */ = {
			isa = XCBuildConfiguration;
			buildSettings = {
				INFOPLIST_FILE = HZblog0812UITests/Info.plist;
				LD_RUNPATH_SEARCH_PATHS = "$(inherited) @executable_path/Frameworks @loader_path/Frameworks";
				PRODUCT_BUNDLE_IDENTIFIER = cn.itcast.HZblog0812UITests;
				PRODUCT_NAME = "$(TARGET_NAME)";
				TEST_TARGET_NAME = HZblog0812;
				USES_XCTRUNNER = YES;
			};
			name = Release;
		};
/* End XCBuildConfiguration section */

/* Begin XCConfigurationList section */
		04B506741BEF4AB500AE74E7 /* Build configuration list for PBXProject "HZblog0812" */ = {
			isa = XCConfigurationList;
			buildConfigurations = (
				04B5069F1BEF4AB600AE74E7 /* Debug */,
				04B506A01BEF4AB600AE74E7 /* Release */,
			);
			defaultConfigurationIsVisible = 0;
			defaultConfigurationName = Release;
		};
		04B506A11BEF4AB600AE74E7 /* Build configuration list for PBXNativeTarget "HZblog0812" */ = {
			isa = XCConfigurationList;
			buildConfigurations = (
				04B506A21BEF4AB600AE74E7 /* Debug */,
				04B506A31BEF4AB600AE74E7 /* Release */,
			);
			defaultConfigurationIsVisible = 0;
		};
		04B506A41BEF4AB600AE74E7 /* Build configuration list for PBXNativeTarget "HZblog0812Tests" */ = {
			isa = XCConfigurationList;
			buildConfigurations = (
				04B506A51BEF4AB600AE74E7 /* Debug */,
				04B506A61BEF4AB600AE74E7 /* Release */,
			);
			defaultConfigurationIsVisible = 0;
		};
		04B506A71BEF4AB600AE74E7 /* Build configuration list for PBXNativeTarget "HZblog0812UITests" */ = {
			isa = XCConfigurationList;
			buildConfigurations = (
				04B506A81BEF4AB600AE74E7 /* Debug */,
				04B506A91BEF4AB600AE74E7 /* Release */,
			);
			defaultConfigurationIsVisible = 0;
		};
/* End XCConfigurationList section */
	};
	rootObject = 04B506711BEF4AB500AE74E7 /* Project object */;
}
